
Microsoft Visual Studio Solution File, Format Version 12.00
# Visual Studio Version 16
VisualStudioVersion = 16.0.29123.88
MinimumVisualStudioVersion = 10.0.40219.1
Project("{9A19103F-16F7-4668-BE54-9A1E7A4F7556}") = "Hostbase.Plugin", "Hostbase.Plugin\Hostbase.Plugin.csproj", "{DF88DA54-9C84-45FC-973D-B646D2935156}"
EndProject
Global
	GlobalSection(SolutionConfigurationPlatforms) = preSolution
		Debug|Any CPU = Debug|Any CPU
		Release|Any CPU = Release|Any CPU
	EndGlobalSection
	GlobalSection(ProjectConfigurationPlatforms) = postSolution
		{DF88DA54-9C84-45FC-973D-B646D2935156}.Debug|Any CPU.ActiveCfg = Debug|Any CPU
		{DF88DA54-9C84-45FC-973D-B646D2935156}.Debug|Any CPU.Build.0 = Debug|Any CPU
		{DF88DA54-9C84-45FC-973D-B646D2935156}.Release|Any CPU.ActiveCfg = Release|Any CPU
		{DF88DA54-9C84-45FC-973D-B646D2935156}.Release|Any CPU.Build.0 = Release|Any CPU
	EndGlobalSection
	GlobalSection(SolutionProperties) = preSolution
		HideSolutionNode = FALSE
	EndGlobalSection
	GlobalSection(ExtensibilityGlobals) = postSolution
		SolutionGuid = {42D42446-7C7B-4420-A0F2-B1B1C94EE8B2}
	EndGlobalSection
EndGlobal
